
Microsoft Visual Studio Solution File, Format Version 12.00
# Visual Studio Version 17
VisualStudioVersion = 17.5.33627.172
MinimumVisualStudioVersion = 10.0.40219.1
Project("{9A19103F-16F7-4668-BE54-9A1E7A4F7556}") = "OR.ProductAPI", "OR.ProductAPI\OR.ProductAPI.csproj", "{73B9FD2B-A880-41D7-B804-7AA91D8804D9}"
EndProject
Project("{9A19103F-16F7-4668-BE54-9A1E7A4F7556}") = "OR.Web", "OR.Web\OR.Web.csproj", "{290C93FA-5A93-41BD-8483-0252DA1D4D0C}"
EndProject
Project("{FAE04EC0-301F-11D3-BF4B-00C04F79EFBC}") = "OR.PayPal.API", "OR.PayPal.API\OR.PayPal.API.csproj", "{2246E6D1-F08D-4363-9589-B44B4B0B0D2A}"
EndProject
Global
	GlobalSection(SolutionConfigurationPlatforms) = preSolution
		Debug|Any CPU = Debug|Any CPU
		Release|Any CPU = Release|Any CPU
	EndGlobalSection
	GlobalSection(ProjectConfigurationPlatforms) = postSolution
		{73B9FD2B-A880-41D7-B804-7AA91D8804D9}.Debug|Any CPU.ActiveCfg = Debug|Any CPU
		{73B9FD2B-A880-41D7-B804-7AA91D8804D9}.Debug|Any CPU.Build.0 = Debug|Any CPU
		{73B9FD2B-A880-41D7-B804-7AA91D8804D9}.Release|Any CPU.ActiveCfg = Release|Any CPU
		{73B9FD2B-A880-41D7-B804-7AA91D8804D9}.Release|Any CPU.Build.0 = Release|Any CPU
		{290C93FA-5A93-41BD-8483-0252DA1D4D0C}.Debug|Any CPU.ActiveCfg = Debug|Any CPU
		{290C93FA-5A93-41BD-8483-0252DA1D4D0C}.Debug|Any CPU.Build.0 = Debug|Any CPU
		{290C93FA-5A93-41BD-8483-0252DA1D4D0C}.Release|Any CPU.ActiveCfg = Release|Any CPU
		{290C93FA-5A93-41BD-8483-0252DA1D4D0C}.Release|Any CPU.Build.0 = Release|Any CPU
		{2246E6D1-F08D-4363-9589-B44B4B0B0D2A}.Debug|Any CPU.ActiveCfg = Debug|Any CPU
		{2246E6D1-F08D-4363-9589-B44B4B0B0D2A}.Debug|Any CPU.Build.0 = Debug|Any CPU
		{2246E6D1-F08D-4363-9589-B44B4B0B0D2A}.Release|Any CPU.ActiveCfg = Release|Any CPU
		{2246E6D1-F08D-4363-9589-B44B4B0B0D2A}.Release|Any CPU.Build.0 = Release|Any CPU
	EndGlobalSection
	GlobalSection(SolutionProperties) = preSolution
		HideSolutionNode = FALSE
	EndGlobalSection
	GlobalSection(ExtensibilityGlobals) = postSolution
		SolutionGuid = {2FA743D7-ED4B-4A53-9B1A-615521E00122}
	EndGlobalSection
EndGlobal
